{
  "name": "visor_minsalud",
  "version": "1.0.0",
  "lockfileVersion": 2,
  "requires": true,
  "packages": {
    "": {
      "name": "visor_minsalud",
      "version": "1.0.0",
      "license": "ISC",
      "dependencies": {
        "@popperjs/core": "^2.11.5",
        "bootstrap": "^5.1.3",
        "fhirclient": "^2.4.0",
        "jquery": "^3.6.0",
        "lodash": "^4.17.21",
        "particles.js": "^2.0.0",
        "url-search-params-polyfill": "^8.1.1"
      }
    },
    "node_modules/@hapi/hoek": {
      "version": "9.2.1",
      "resolved": "https://registry.npmjs.org/@hapi/hoek/-/hoek-9.2.1.tgz",
      "integrity": "sha512-gfta+H8aziZsm8pZa0vj04KO6biEiisppNgA1kbJvFrrWu9Vm7eaUEy76DIxsuTaWvti5fkJVhllWc6ZTE+Mdw==",
      "peer": true
    },
    "node_modules/@hapi/topo": {
      "version": "5.1.0",
      "resolved": "https://registry.npmjs.org/@hapi/topo/-/topo-5.1.0.tgz",
      "integrity": "sha512-foQZKJig7Ob0BMAYBfcJk8d77QtOe7Wo4ox7ff1lQYoNNAb6jwcY1ncdoy2e9wQZzvNy7ODZCYJkK8kzmcAnAg==",
      "peer": true,
      "dependencies": {
        "@hapi/hoek": "^9.0.0"
      }
    },
    "node_modules/@popperjs/core": {
      "version": "2.11.5",
      "resolved": "https://registry.npmjs.org/@popperjs/core/-/core-2.11.5.tgz",
      "integrity": "sha512-9X2obfABZuDVLCgPK9aX0a/x4jaOEweTTWE2+9sr0Qqqevj2Uv5XorvusThmc9XGYpS9yI+fhh8RTafBtGposw==",
      "funding": {
        "type": "opencollective",
        "url": "https://opencollective.com/popperjs"
      }
    },
    "node_modules/@sideway/address": {
      "version": "4.1.4",
      "resolved": "https://registry.npmjs.org/@sideway/address/-/address-4.1.4.tgz",
      "integrity": "sha512-7vwq+rOHVWjyXxVlR76Agnvhy8I9rpzjosTESvmhNeXOXdZZB15Fl+TI9x1SiHZH5Jv2wTGduSxFDIaq0m3DUw==",
      "peer": true,
      "dependencies": {
        "@hapi/hoek": "^9.0.0"
      }
    },
    "node_modules/@sideway/formula": {
      "version": "3.0.0",
      "resolved": "https://registry.npmjs.org/@sideway/formula/-/formula-3.0.0.tgz",
      "integrity": "sha512-vHe7wZ4NOXVfkoRb8T5otiENVlT7a3IAiw7H5M2+GO+9CDgcVUUsX1zalAztCmwyOr2RUTGJdgB+ZvSVqmdHmg==",
      "peer": true
    },
    "node_modules/@sideway/pinpoint": {
      "version": "2.0.0",
      "resolved": "https://registry.npmjs.org/@sideway/pinpoint/-/pinpoint-2.0.0.tgz",
      "integrity": "sha512-RNiOoTPkptFtSVzQevY/yWtZwf/RxyVnPy/OcA9HBM3MlGDnBEYL5B41H0MTn0Uec8Hi+2qUtTfG2WWZBmMejQ==",
      "peer": true
    },
    "node_modules/@types/boom": {
      "version": "7.3.2",
      "resolved": "https://registry.npmjs.org/@types/boom/-/boom-7.3.2.tgz",
      "integrity": "sha512-W8+6CANZz/BmgzATboKXvEDtO3SHSj86omcU/2pMCkUQhqhgucB8sgcmdRadXDEvXFRiRhME0rcyj1GIj3LC9w==",
      "peer": true
    },
    "node_modules/@types/catbox": {
      "version": "10.0.7",
      "resolved": "https://registry.npmjs.org/@types/catbox/-/catbox-10.0.7.tgz",
      "integrity": "sha512-8vjnM1eyHKwWfcbq7qb2NN4ltUgm4nVsT9QIM6IW4KqxbQbfQLbRApNTN+B3hvHvuFTHyvhJjZrBY3wNPp4tjA==",
      "peer": true
    },
    "node_modules/@types/hapi": {
      "version": "18.0.7",
      "resolved": "https://registry.npmjs.org/@types/hapi/-/hapi-18.0.7.tgz",
      "integrity": "sha512-rhOtvarF2ka4NAjEURRWEwx98oDtOiaQYLkPdmsA0yXe5U6a9/YJjAI/JtE4SnWQ+vTrCKSDhVGcQngZqHrU7A==",
      "peer": true,
      "dependencies": {
        "@types/boom": "*",
        "@types/catbox": "*",
        "@types/iron": "*",
        "@types/mimos": "*",
        "@types/node": "*",
        "@types/podium": "*",
        "@types/shot": "*",
        "joi": "^17.3.0"
      }
    },
    "node_modules/@types/iron": {
      "version": "5.0.2",
      "resolved": "https://registry.npmjs.org/@types/iron/-/iron-5.0.2.tgz",
      "integrity": "sha512-u1l5xO5BtLlPfeiy60vrC9Y30cR8gM7chD5npIAETZaOlGoT8KHqtQQpmlU5dZejhJSfIBSX0zBHnKW+0fw5qA==",
      "peer": true,
      "dependencies": {
        "@types/node": "*"
      }
    },
    "node_modules/@types/mime-db": {
      "version": "1.43.1",
      "resolved": "https://registry.npmjs.org/@types/mime-db/-/mime-db-1.43.1.tgz",
      "integrity": "sha512-kGZJY+R+WnR5Rk+RPHUMERtb2qBRViIHCBdtUrY+NmwuGb8pQdfTqQiCKPrxpdoycl8KWm2DLdkpoSdt479XoQ==",
      "peer": true
    },
    "node_modules/@types/mimos": {
      "version": "3.0.3",
      "resolved": "https://registry.npmjs.org/@types/mimos/-/mimos-3.0.3.tgz",
      "integrity": "sha512-jtStUPuHpJ+LVK+e1K9SbD2V00IOAqAKgVVkBRmCdHG20VQaE3KOt7FincknY1uyyZNq7MKF44Gs0fon2v9oig==",
      "peer": true,
      "dependencies": {
        "@types/mime-db": "*"
      }
    },
    "node_modules/@types/node": {
      "version": "17.0.25",
      "resolved": "https://registry.npmjs.org/@types/node/-/node-17.0.25.tgz",
      "integrity": "sha512-wANk6fBrUwdpY4isjWrKTufkrXdu1D2YHCot2fD/DfWxF5sMrVSA+KN7ydckvaTCh0HiqX9IVl0L5/ZoXg5M7w==",
      "peer": true
    },
    "node_modules/@types/podium": {
      "version": "1.0.1",
      "resolved": "https://registry.npmjs.org/@types/podium/-/podium-1.0.1.tgz",
      "integrity": "sha512-dcg8V5wKgrvNIBk2hzgK3gHobZ0u7pXW36NigfJq+lBA+/fqI6GAI0bdjLAEkZC67EsaVErtePkqipJPsszN7Q==",
      "peer": true
    },
    "node_modules/@types/shot": {
      "version": "4.0.1",
      "resolved": "https://registry.npmjs.org/@types/shot/-/shot-4.0.1.tgz",
      "integrity": "sha512-LUJWxDKYWmmUpVXDWZ78hFIrqb/ho9RoKqBAFRJw4OHOS3qCKCoXCyzrfmf24lbO4COYfqL0iEWNArOfKEYW9g==",
      "peer": true,
      "dependencies": {
        "@types/node": "*"
      }
    },
    "node_modules/abortcontroller-polyfill": {
      "version": "1.7.3",
      "resolved": "https://registry.npmjs.org/abortcontroller-polyfill/-/abortcontroller-polyfill-1.7.3.tgz",
      "integrity": "sha512-zetDJxd89y3X99Kvo4qFx8GKlt6GsvN3UcRZHwU6iFA/0KiOmhkTVhe8oRoTBiTVPZu09x3vCra47+w8Yz1+2Q=="
    },
    "node_modules/bootstrap": {
      "version": "5.1.3",
      "resolved": "https://registry.npmjs.org/bootstrap/-/bootstrap-5.1.3.tgz",
      "integrity": "sha512-fcQztozJ8jToQWXxVuEyXWW+dSo8AiXWKwiSSrKWsRB/Qt+Ewwza+JWoLKiTuQLaEPhdNAJ7+Dosc9DOIqNy7Q==",
      "funding": {
        "type": "opencollective",
        "url": "https://opencollective.com/bootstrap"
      },
      "peerDependencies": {
        "@popperjs/core": "^2.10.2"
      }
    },
    "node_modules/core-js": {
      "version": "3.22.2",
      "resolved": "https://registry.npmjs.org/core-js/-/core-js-3.22.2.tgz",
      "integrity": "sha512-Z5I2vzDnEIqO2YhELVMFcL1An2CIsFe9Q7byZhs8c/QxummxZlAHw33TUHbIte987LkisOgL0LwQ1P9D6VISnA==",
      "hasInstallScript": true,
      "funding": {
        "type": "opencollective",
        "url": "https://opencollective.com/core-js"
      }
    },
    "node_modules/cross-fetch": {
      "version": "3.1.5",
      "resolved": "https://registry.npmjs.org/cross-fetch/-/cross-fetch-3.1.5.tgz",
      "integrity": "sha512-lvb1SBsI0Z7GDwmuid+mU3kWVBwTVUbe7S0H52yaaAdQOXq2YktTCZdlAcNKFzE6QtRz0snpw9bNiPeOIkkQvw==",
      "dependencies": {
        "node-fetch": "2.6.7"
      }
    },
    "node_modules/debug": {
      "version": "4.3.4",
      "resolved": "https://registry.npmjs.org/debug/-/debug-4.3.4.tgz",
      "integrity": "sha512-PRWFHuSU3eDtQJPvnNY7Jcket1j0t5OuOsFzPPzsekD52Zl8qUfFIPEiswXqIvHWGVHOgX+7G/vCNNhehwxfkQ==",
      "dependencies": {
        "ms": "2.1.2"
      },
      "engines": {
        "node": ">=6.0"
      },
      "peerDependenciesMeta": {
        "supports-color": {
          "optional": true
        }
      }
    },
    "node_modules/fhirclient": {
      "version": "2.4.0",
      "resolved": "https://registry.npmjs.org/fhirclient/-/fhirclient-2.4.0.tgz",
      "integrity": "sha512-j5+u2A+vYHeYyS1vxwEAGikjUCFyqXOwsrh6nhgXlVLxd1brtqRAS3PK6rTtp6UPtWfh17352DWcpZJE/2PgzA==",
      "dependencies": {
        "abortcontroller-polyfill": "^1.5.0",
        "core-js": "^3.6.5",
        "cross-fetch": "^3.0.5",
        "debug": "^4.1.1"
      },
      "engines": {
        "node": ">=10"
      },
      "peerDependencies": {
        "@types/hapi": ">=18",
        "@types/node": ">=10"
      }
    },
    "node_modules/joi": {
      "version": "17.6.0",
      "resolved": "https://registry.npmjs.org/joi/-/joi-17.6.0.tgz",
      "integrity": "sha512-OX5dG6DTbcr/kbMFj0KGYxuew69HPcAE3K/sZpEV2nP6e/j/C0HV+HNiBPCASxdx5T7DMoa0s8UeHWMnb6n2zw==",
      "peer": true,
      "dependencies": {
        "@hapi/hoek": "^9.0.0",
        "@hapi/topo": "^5.0.0",
        "@sideway/address": "^4.1.3",
        "@sideway/formula": "^3.0.0",
        "@sideway/pinpoint": "^2.0.0"
      }
    },
    "node_modules/jquery": {
      "version": "3.6.0",
      "resolved": "https://registry.npmjs.org/jquery/-/jquery-3.6.0.tgz",
      "integrity": "sha512-JVzAR/AjBvVt2BmYhxRCSYysDsPcssdmTFnzyLEts9qNwmjmu4JTAMYubEfwVOSwpQ1I1sKKFcxhZCI2buerfw=="
    },
    "node_modules/lodash": {
      "version": "4.17.21",
      "resolved": "https://registry.npmjs.org/lodash/-/lodash-4.17.21.tgz",
      "integrity": "sha512-v2kDEe57lecTulaDIuNTPy3Ry4gLGJ6Z1O3vE1krgXZNrsQ+LFTGHVxVjcXPs17LhbZVGedAJv8XZ1tvj5FvSg=="
    },
    "node_modules/ms": {
      "version": "2.1.2",
      "resolved": "https://registry.npmjs.org/ms/-/ms-2.1.2.tgz",
      "integrity": "sha512-sGkPx+VjMtmA6MX27oA4FBFELFCZZ4S4XqeGOXCv68tT+jb3vk/RyaKWP0PTKyWtmLSM0b+adUTEvbs1PEaH2w=="
    },
    "node_modules/node-fetch": {
      "version": "2.6.7",
      "resolved": "https://registry.npmjs.org/node-fetch/-/node-fetch-2.6.7.tgz",
      "integrity": "sha512-ZjMPFEfVx5j+y2yF35Kzx5sF7kDzxuDj6ziH4FFbOp87zKDZNx8yExJIb05OGF4Nlt9IHFIMBkRl41VdvcNdbQ==",
      "dependencies": {
        "whatwg-url": "^5.0.0"
      },
      "engines": {
        "node": "4.x || >=6.0.0"
      },
      "peerDependencies": {
        "encoding": "^0.1.0"
      },
      "peerDependenciesMeta": {
        "encoding": {
          "optional": true
        }
      }
    },
    "node_modules/particles.js": {
      "version": "2.0.0",
      "resolved": "https://registry.npmjs.org/particles.js/-/particles.js-2.0.0.tgz",
      "integrity": "sha1-IThsQyjWx/lngKIB6W7t/AnHNvY="
    },
    "node_modules/tr46": {
      "version": "0.0.3",
      "resolved": "https://registry.npmjs.org/tr46/-/tr46-0.0.3.tgz",
      "integrity": "sha1-gYT9NH2snNwYWZLzpmIuFLnZq2o="
    },
    "node_modules/url-search-params-polyfill": {
      "version": "8.1.1",
      "resolved": "https://registry.npmjs.org/url-search-params-polyfill/-/url-search-params-polyfill-8.1.1.tgz",
      "integrity": "sha512-KmkCs6SjE6t4ihrfW9JelAPQIIIFbJweaaSLTh/4AO+c58JlDcb+GbdPt8yr5lRcFg4rPswRFRRhBGpWwh0K/Q=="
    },
    "node_modules/webidl-conversions": {
      "version": "3.0.1",
      "resolved": "https://registry.npmjs.org/webidl-conversions/-/webidl-conversions-3.0.1.tgz",
      "integrity": "sha1-JFNCdeKnvGvnvIZhHMFq4KVlSHE="
    },
    "node_modules/whatwg-url": {
      "version": "5.0.0",
      "resolved": "https://registry.npmjs.org/whatwg-url/-/whatwg-url-5.0.0.tgz",
      "integrity": "sha1-lmRU6HZUYuN2RNNib2dCzotwll0=",
      "dependencies": {
        "tr46": "~0.0.3",
        "webidl-conversions": "^3.0.0"
      }
    }
  },
  "dependencies": {
    "@hapi/hoek": {
      "version": "9.2.1",
      "resolved": "https://registry.npmjs.org/@hapi/hoek/-/hoek-9.2.1.tgz",
      "integrity": "sha512-gfta+H8aziZsm8pZa0vj04KO6biEiisppNgA1kbJvFrrWu9Vm7eaUEy76DIxsuTaWvti5fkJVhllWc6ZTE+Mdw==",
      "peer": true
    },
    "@hapi/topo": {
      "version": "5.1.0",
      "resolved": "https://registry.npmjs.org/@hapi/topo/-/topo-5.1.0.tgz",
      "integrity": "sha512-foQZKJig7Ob0BMAYBfcJk8d77QtOe7Wo4ox7ff1lQYoNNAb6jwcY1ncdoy2e9wQZzvNy7ODZCYJkK8kzmcAnAg==",
      "peer": true,
      "requires": {
        "@hapi/hoek": "^9.0.0"
      }
    },
    "@popperjs/core": {
      "version": "2.11.5",
      "resolved": "https://registry.npmjs.org/@popperjs/core/-/core-2.11.5.tgz",
      "integrity": "sha512-9X2obfABZuDVLCgPK9aX0a/x4jaOEweTTWE2+9sr0Qqqevj2Uv5XorvusThmc9XGYpS9yI+fhh8RTafBtGposw=="
    },
    "@sideway/address": {
      "version": "4.1.4",
      "resolved": "https://registry.npmjs.org/@sideway/address/-/address-4.1.4.tgz",
      "integrity": "sha512-7vwq+rOHVWjyXxVlR76Agnvhy8I9rpzjosTESvmhNeXOXdZZB15Fl+TI9x1SiHZH5Jv2wTGduSxFDIaq0m3DUw==",
      "peer": true,
      "requires": {
        "@hapi/hoek": "^9.0.0"
      }
    },
    "@sideway/formula": {
      "version": "3.0.0",
      "resolved": "https://registry.npmjs.org/@sideway/formula/-/formula-3.0.0.tgz",
      "integrity": "sha512-vHe7wZ4NOXVfkoRb8T5otiENVlT7a3IAiw7H5M2+GO+9CDgcVUUsX1zalAztCmwyOr2RUTGJdgB+ZvSVqmdHmg==",
      "peer": true
    },
    "@sideway/pinpoint": {
      "version": "2.0.0",
      "resolved": "https://registry.npmjs.org/@sideway/pinpoint/-/pinpoint-2.0.0.tgz",
      "integrity": "sha512-RNiOoTPkptFtSVzQevY/yWtZwf/RxyVnPy/OcA9HBM3MlGDnBEYL5B41H0MTn0Uec8Hi+2qUtTfG2WWZBmMejQ==",
      "peer": true
    },
    "@types/boom": {
      "version": "7.3.2",
      "resolved": "https://registry.npmjs.org/@types/boom/-/boom-7.3.2.tgz",
      "integrity": "sha512-W8+6CANZz/BmgzATboKXvEDtO3SHSj86omcU/2pMCkUQhqhgucB8sgcmdRadXDEvXFRiRhME0rcyj1GIj3LC9w==",
      "peer": true
    },
    "@types/catbox": {
      "version": "10.0.7",
      "resolved": "https://registry.npmjs.org/@types/catbox/-/catbox-10.0.7.tgz",
      "integrity": "sha512-8vjnM1eyHKwWfcbq7qb2NN4ltUgm4nVsT9QIM6IW4KqxbQbfQLbRApNTN+B3hvHvuFTHyvhJjZrBY3wNPp4tjA==",
      "peer": true
    },
    "@types/hapi": {
      "version": "18.0.7",
      "resolved": "https://registry.npmjs.org/@types/hapi/-/hapi-18.0.7.tgz",
      "integrity": "sha512-rhOtvarF2ka4NAjEURRWEwx98oDtOiaQYLkPdmsA0yXe5U6a9/YJjAI/JtE4SnWQ+vTrCKSDhVGcQngZqHrU7A==",
      "peer": true,
      "requires": {
        "@types/boom": "*",
        "@types/catbox": "*",
        "@types/iron": "*",
        "@types/mimos": "*",
        "@types/node": "*",
        "@types/podium": "*",
        "@types/shot": "*",
        "joi": "^17.3.0"
      }
    },
    "@types/iron": {
      "version": "5.0.2",
      "resolved": "https://registry.npmjs.org/@types/iron/-/iron-5.0.2.tgz",
      "integrity": "sha512-u1l5xO5BtLlPfeiy60vrC9Y30cR8gM7chD5npIAETZaOlGoT8KHqtQQpmlU5dZejhJSfIBSX0zBHnKW+0fw5qA==",
      "peer": true,
      "requires": {
        "@types/node": "*"
      }
    },
    "@types/mime-db": {
      "version": "1.43.1",
      "resolved": "https://registry.npmjs.org/@types/mime-db/-/mime-db-1.43.1.tgz",
      "integrity": "sha512-kGZJY+R+WnR5Rk+RPHUMERtb2qBRViIHCBdtUrY+NmwuGb8pQdfTqQiCKPrxpdoycl8KWm2DLdkpoSdt479XoQ==",
      "peer": true
    },
    "@types/mimos": {
      "version": "3.0.3",
      "resolved": "https://registry.npmjs.org/@types/mimos/-/mimos-3.0.3.tgz",
      "integrity": "sha512-jtStUPuHpJ+LVK+e1K9SbD2V00IOAqAKgVVkBRmCdHG20VQaE3KOt7FincknY1uyyZNq7MKF44Gs0fon2v9oig==",
      "peer": true,
      "requires": {
        "@types/mime-db": "*"
      }
    },
    "@types/node": {
      "version": "17.0.25",
      "resolved": "https://registry.npmjs.org/@types/node/-/node-17.0.25.tgz",
      "integrity": "sha512-wANk6fBrUwdpY4isjWrKTufkrXdu1D2YHCot2fD/DfWxF5sMrVSA+KN7ydckvaTCh0HiqX9IVl0L5/ZoXg5M7w==",
      "peer": true
    },
    "@types/podium": {
      "version": "1.0.1",
      "resolved": "https://registry.npmjs.org/@types/podium/-/podium-1.0.1.tgz",
      "integrity": "sha512-dcg8V5wKgrvNIBk2hzgK3gHobZ0u7pXW36NigfJq+lBA+/fqI6GAI0bdjLAEkZC67EsaVErtePkqipJPsszN7Q==",
      "peer": true
    },
    "@types/shot": {
      "version": "4.0.1",
      "resolved": "https://registry.npmjs.org/@types/shot/-/shot-4.0.1.tgz",
      "integrity": "sha512-LUJWxDKYWmmUpVXDWZ78hFIrqb/ho9RoKqBAFRJw4OHOS3qCKCoXCyzrfmf24lbO4COYfqL0iEWNArOfKEYW9g==",
      "peer": true,
      "requires": {
        "@types/node": "*"
      }
    },
    "abortcontroller-polyfill": {
      "version": "1.7.3",
      "resolved": "https://registry.npmjs.org/abortcontroller-polyfill/-/abortcontroller-polyfill-1.7.3.tgz",
      "integrity": "sha512-zetDJxd89y3X99Kvo4qFx8GKlt6GsvN3UcRZHwU6iFA/0KiOmhkTVhe8oRoTBiTVPZu09x3vCra47+w8Yz1+2Q=="
    },
    "bootstrap": {
      "version": "5.1.3",
      "resolved": "https://registry.npmjs.org/bootstrap/-/bootstrap-5.1.3.tgz",
      "integrity": "sha512-fcQztozJ8jToQWXxVuEyXWW+dSo8AiXWKwiSSrKWsRB/Qt+Ewwza+JWoLKiTuQLaEPhdNAJ7+Dosc9DOIqNy7Q==",
      "requires": {}
    },
    "core-js": {
      "version": "3.22.2",
      "resolved": "https://registry.npmjs.org/core-js/-/core-js-3.22.2.tgz",
      "integrity": "sha512-Z5I2vzDnEIqO2YhELVMFcL1An2CIsFe9Q7byZhs8c/QxummxZlAHw33TUHbIte987LkisOgL0LwQ1P9D6VISnA=="
    },
    "cross-fetch": {
      "version": "3.1.5",
      "resolved": "https://registry.npmjs.org/cross-fetch/-/cross-fetch-3.1.5.tgz",
      "integrity": "sha512-lvb1SBsI0Z7GDwmuid+mU3kWVBwTVUbe7S0H52yaaAdQOXq2YktTCZdlAcNKFzE6QtRz0snpw9bNiPeOIkkQvw==",
      "requires": {
        "node-fetch": "2.6.7"
      }
    },
    "debug": {
      "version": "4.3.4",
      "resolved": "https://registry.npmjs.org/debug/-/debug-4.3.4.tgz",
      "integrity": "sha512-PRWFHuSU3eDtQJPvnNY7Jcket1j0t5OuOsFzPPzsekD52Zl8qUfFIPEiswXqIvHWGVHOgX+7G/vCNNhehwxfkQ==",
      "requires": {
        "ms": "2.1.2"
      }
    },
    "fhirclient": {
      "version": "2.4.0",
      "resolved": "https://registry.npmjs.org/fhirclient/-/fhirclient-2.4.0.tgz",
      "integrity": "sha512-j5+u2A+vYHeYyS1vxwEAGikjUCFyqXOwsrh6nhgXlVLxd1brtqRAS3PK6rTtp6UPtWfh17352DWcpZJE/2PgzA==",
      "requires": {
        "abortcontroller-polyfill": "^1.5.0",
        "core-js": "^3.6.5",
        "cross-fetch": "^3.0.5",
        "debug": "^4.1.1"
      }
    },
    "joi": {
      "version": "17.6.0",
      "resolved": "https://registry.npmjs.org/joi/-/joi-17.6.0.tgz",
      "integrity": "sha512-OX5dG6DTbcr/kbMFj0KGYxuew69HPcAE3K/sZpEV2nP6e/j/C0HV+HNiBPCASxdx5T7DMoa0s8UeHWMnb6n2zw==",
      "peer": true,
      "requires": {
        "@hapi/hoek": "^9.0.0",
        "@hapi/topo": "^5.0.0",
        "@sideway/address": "^4.1.3",
        "@sideway/formula": "^3.0.0",
        "@sideway/pinpoint": "^2.0.0"
      }
    },
    "jquery": {
      "version": "3.6.0",
      "resolved": "https://registry.npmjs.org/jquery/-/jquery-3.6.0.tgz",
      "integrity": "sha512-JVzAR/AjBvVt2BmYhxRCSYysDsPcssdmTFnzyLEts9qNwmjmu4JTAMYubEfwVOSwpQ1I1sKKFcxhZCI2buerfw=="
    },
    "lodash": {
      "version": "4.17.21",
      "resolved": "https://registry.npmjs.org/lodash/-/lodash-4.17.21.tgz",
      "integrity": "sha512-v2kDEe57lecTulaDIuNTPy3Ry4gLGJ6Z1O3vE1krgXZNrsQ+LFTGHVxVjcXPs17LhbZVGedAJv8XZ1tvj5FvSg=="
    },
    "ms": {
      "version": "2.1.2",
      "resolved": "https://registry.npmjs.org/ms/-/ms-2.1.2.tgz",
      "integrity": "sha512-sGkPx+VjMtmA6MX27oA4FBFELFCZZ4S4XqeGOXCv68tT+jb3vk/RyaKWP0PTKyWtmLSM0b+adUTEvbs1PEaH2w=="
    },
    "node-fetch": {
      "version": "2.6.7",
      "resolved": "https://registry.npmjs.org/node-fetch/-/node-fetch-2.6.7.tgz",
      "integrity": "sha512-ZjMPFEfVx5j+y2yF35Kzx5sF7kDzxuDj6ziH4FFbOp87zKDZNx8yExJIb05OGF4Nlt9IHFIMBkRl41VdvcNdbQ==",
      "requires": {
        "whatwg-url": "^5.0.0"
      }
    },
    "particles.js": {
      "version": "2.0.0",
      "resolved": "https://registry.npmjs.org/particles.js/-/particles.js-2.0.0.tgz",
      "integrity": "sha1-IThsQyjWx/lngKIB6W7t/AnHNvY="
    },
    "tr46": {
      "version": "0.0.3",
      "resolved": "https://registry.npmjs.org/tr46/-/tr46-0.0.3.tgz",
      "integrity": "sha1-gYT9NH2snNwYWZLzpmIuFLnZq2o="
    },
    "url-search-params-polyfill": {
      "version": "8.1.1",
      "resolved": "https://registry.npmjs.org/url-search-params-polyfill/-/url-search-params-polyfill-8.1.1.tgz",
      "integrity": "sha512-KmkCs6SjE6t4ihrfW9JelAPQIIIFbJweaaSLTh/4AO+c58JlDcb+GbdPt8yr5lRcFg4rPswRFRRhBGpWwh0K/Q=="
    },
    "webidl-conversions": {
      "version": "3.0.1",
      "resolved": "https://registry.npmjs.org/webidl-conversions/-/webidl-conversions-3.0.1.tgz",
      "integrity": "sha1-JFNCdeKnvGvnvIZhHMFq4KVlSHE="
    },
    "whatwg-url": {
      "version": "5.0.0",
      "resolved": "https://registry.npmjs.org/whatwg-url/-/whatwg-url-5.0.0.tgz",
      "integrity": "sha1-lmRU6HZUYuN2RNNib2dCzotwll0=",
      "requires": {
        "tr46": "~0.0.3",
        "webidl-conversions": "^3.0.0"
      }
    }
  }
}
